# THIS IS AN AUTOGENERATED FILE. DO NOT EDIT THIS FILE DIRECTLY.
# yarn lockfile v1


console.table@^0.8.0:
  version "0.8.0"
  resolved "https://registry.yarnpkg.com/console.table/-/console.table-0.8.0.tgz#69e91d2eabfcced9a0c877ea670b251c6bdbd35f"
  dependencies:
    easy-table "1.0.0"

easy-table@1.0.0:
  version "1.0.0"
  resolved "https://registry.yarnpkg.com/easy-table/-/easy-table-1.0.0.tgz#29db2d0855d36316e4382e5a3d85d9cb5fc93216"
